version: 6
environments:
  default:
    channels:
    - url: https://conda.anaconda.org/conda-forge/
    indexes:
    - https://pypi.org/simple
    packages:
      osx-arm64:
      - conda: https://conda.anaconda.org/conda-forge/osx-arm64/bzip2-1.0.8-h99b78c6_7.conda
      - conda: https://conda.anaconda.org/conda-forge/osx-arm64/c-ares-1.34.5-h5505292_0.conda
      - conda: https://conda.anaconda.org/conda-forge/noarch/ca-certificates-2025.6.15-hbd8a1cb_0.conda
      - conda: https://conda.anaconda.org/conda-forge/noarch/cached-property-1.5.2-hd8ed1ab_1.tar.bz2
      - conda: https://conda.anaconda.org/conda-forge/noarch/cached_property-1.5.2-pyha770c72_1.tar.bz2
      - conda: https://conda.anaconda.org/conda-forge/noarch/click-8.2.1-pyh707e725_0.conda
      - conda: https://conda.anaconda.org/conda-forge/noarch/colorama-0.4.6-pyhd8ed1ab_1.conda
      - conda: https://conda.anaconda.org/conda-forge/noarch/exceptiongroup-1.3.0-pyhd8ed1ab_0.conda
      - conda: https://conda.anaconda.org/conda-forge/osx-arm64/h5py-3.14.0-nompi_py312h35183de_100.conda
      - conda: https://conda.anaconda.org/conda-forge/osx-arm64/hdf5-1.14.6-nompi_ha698983_101.conda
      - conda: https://conda.anaconda.org/conda-forge/noarch/iniconfig-2.0.0-pyhd8ed1ab_1.conda
      - conda: https://conda.anaconda.org/conda-forge/osx-arm64/krb5-1.21.3-h237132a_0.conda
      - conda: https://conda.anaconda.org/conda-forge/osx-arm64/libaec-1.1.4-h51d1e36_0.conda
      - conda: https://conda.anaconda.org/conda-forge/osx-arm64/libblas-3.9.0-32_h10e41b3_openblas.conda
      - conda: https://conda.anaconda.org/conda-forge/osx-arm64/libcblas-3.9.0-32_hb3479ef_openblas.conda
      - conda: https://conda.anaconda.org/conda-forge/osx-arm64/libcurl-8.14.1-h73640d1_0.conda
      - conda: https://conda.anaconda.org/conda-forge/osx-arm64/libcxx-20.1.7-ha82da77_0.conda
      - conda: https://conda.anaconda.org/conda-forge/osx-arm64/libedit-3.1.20250104-pl5321hafb1f1b_0.conda
      - conda: https://conda.anaconda.org/conda-forge/osx-arm64/libev-4.33-h93a5062_2.conda
      - conda: https://conda.anaconda.org/conda-forge/osx-arm64/libexpat-2.7.0-h286801f_0.conda
      - conda: https://conda.anaconda.org/conda-forge/osx-arm64/libffi-3.4.6-h1da3d7d_1.conda
      - conda: https://conda.anaconda.org/conda-forge/osx-arm64/libgfortran-5.0.0-14_2_0_h6c33f7e_103.conda
      - conda: https://conda.anaconda.org/conda-forge/osx-arm64/libgfortran5-14.2.0-h6c33f7e_103.conda
      - conda: https://conda.anaconda.org/conda-forge/osx-arm64/liblapack-3.9.0-32_hc9a63f6_openblas.conda
      - conda: https://conda.anaconda.org/conda-forge/osx-arm64/liblzma-5.8.1-h39f12f2_2.conda
      - conda: https://conda.anaconda.org/conda-forge/osx-arm64/libnghttp2-1.64.0-h6d7220d_0.conda
      - conda: https://conda.anaconda.org/conda-forge/osx-arm64/libopenblas-0.3.30-openmp_hf332438_0.conda
      - conda: https://conda.anaconda.org/conda-forge/osx-arm64/libsqlite-3.50.2-h6fb428d_0.conda
      - conda: https://conda.anaconda.org/conda-forge/osx-arm64/libssh2-1.11.1-h1590b86_0.conda
      - conda: https://conda.anaconda.org/conda-forge/osx-arm64/libzlib-1.3.1-h8359307_2.conda
      - conda: https://conda.anaconda.org/conda-forge/osx-arm64/llvm-openmp-20.1.7-hdb05f8b_0.conda
      - conda: https://conda.anaconda.org/conda-forge/noarch/markdown-it-py-3.0.0-pyhd8ed1ab_1.conda
      - conda: https://conda.anaconda.org/conda-forge/noarch/mdurl-0.1.2-pyhd8ed1ab_1.conda
      - conda: https://conda.anaconda.org/conda-forge/osx-arm64/ncurses-6.5-h5e97a16_3.conda
      - conda: https://conda.anaconda.org/conda-forge/osx-arm64/numpy-1.26.4-py312h8442bc7_0.conda
      - conda: https://conda.anaconda.org/conda-forge/osx-arm64/openssl-3.5.1-h81ee809_0.conda
      - conda: https://conda.anaconda.org/conda-forge/noarch/packaging-25.0-pyh29332c3_1.conda
      - conda: https://conda.anaconda.org/conda-forge/noarch/pluggy-1.6.0-pyhd8ed1ab_0.conda
      - conda: https://conda.anaconda.org/conda-forge/noarch/pydicom-3.0.1-pyhd8ed1ab_2.conda
      - conda: https://conda.anaconda.org/conda-forge/noarch/pygments-2.19.2-pyhd8ed1ab_0.conda
      - conda: https://conda.anaconda.org/conda-forge/noarch/pynrrd-0.4.2-pyh95af2a2_0.tar.bz2
      - conda: https://conda.anaconda.org/conda-forge/noarch/pytest-8.4.1-pyhd8ed1ab_0.conda
      - conda: https://conda.anaconda.org/conda-forge/osx-arm64/python-3.12.11-hc22306f_0_cpython.conda
      - conda: https://conda.anaconda.org/conda-forge/noarch/python_abi-3.12-7_cp312.conda
      - conda: https://conda.anaconda.org/conda-forge/osx-arm64/readline-8.2-h1d1bf99_2.conda
      - conda: https://conda.anaconda.org/conda-forge/noarch/rich-14.0.0-pyh29332c3_0.conda
      - conda: https://conda.anaconda.org/conda-forge/osx-arm64/scipy-1.16.0-py312hcedbd36_0.conda
      - conda: https://conda.anaconda.org/conda-forge/noarch/shellingham-1.5.4-pyhd8ed1ab_1.conda
      - conda: https://conda.anaconda.org/conda-forge/osx-arm64/tk-8.6.13-h892fb3f_2.conda
      - conda: https://conda.anaconda.org/conda-forge/noarch/tomli-2.2.1-pyhd8ed1ab_1.conda
      - conda: https://conda.anaconda.org/conda-forge/noarch/tqdm-4.67.1-pyhd8ed1ab_1.conda
      - conda: https://conda.anaconda.org/conda-forge/noarch/typer-0.16.0-pyh167b9f4_0.conda
      - conda: https://conda.anaconda.org/conda-forge/noarch/typer-slim-0.16.0-pyhe01879c_0.conda
      - conda: https://conda.anaconda.org/conda-forge/noarch/typer-slim-standard-0.16.0-hf964461_0.conda
      - conda: https://conda.anaconda.org/conda-forge/noarch/typing_extensions-4.14.1-pyhe01879c_0.conda
      - conda: https://conda.anaconda.org/conda-forge/noarch/tzdata-2025b-h78e105d_0.conda
      - conda: https://conda.anaconda.org/conda-forge/osx-arm64/zstd-1.5.7-h6491c7d_2.conda
      - pypi: .
packages:
- pypi: .
  name: bctdicom
  version: 0.1.0
  sha256: 1068785691680de242f7791a9a1d15694fa418e00dc549753dc10ddb854aebef
  requires_python: '>=3.11'
  editable: true
- conda: https://conda.anaconda.org/conda-forge/osx-arm64/bzip2-1.0.8-h99b78c6_7.conda
  sha256: adfa71f158cbd872a36394c56c3568e6034aa55c623634b37a4836bd036e6b91
  md5: fc6948412dbbbe9a4c9ddbbcfe0a79ab
  depends:
  - __osx >=11.0
  license: bzip2-1.0.6
  license_family: BSD
  purls: []
  size: 122909
  timestamp: 1720974522888
- conda: https://conda.anaconda.org/conda-forge/osx-arm64/c-ares-1.34.5-h5505292_0.conda
  sha256: b4bb55d0806e41ffef94d0e3f3c97531f322b3cb0ca1f7cdf8e47f62538b7a2b
  md5: f8cd1beb98240c7edb1a95883360ccfa
  depends:
  - __osx >=11.0
  license: MIT
  license_family: MIT
  purls: []
  size: 179696
  timestamp: 1744128058734
- conda: https://conda.anaconda.org/conda-forge/noarch/ca-certificates-2025.6.15-hbd8a1cb_0.conda
  sha256: 7cfec9804c84844ea544d98bda1d9121672b66ff7149141b8415ca42dfcd44f6
  md5: 72525f07d72806e3b639ad4504c30ce5
  depends:
  - __unix
  license: ISC
  purls: []
  size: 151069
  timestamp: 1749990087500
- conda: https://conda.anaconda.org/conda-forge/noarch/cached-property-1.5.2-hd8ed1ab_1.tar.bz2
  noarch: python
  sha256: 561e6660f26c35d137ee150187d89767c988413c978e1b712d53f27ddf70ea17
  md5: 9b347a7ec10940d3f7941ff6c460b551
  depends:
  - cached_property >=1.5.2,<1.5.3.0a0
  license: BSD-3-Clause
  license_family: BSD
  purls: []
  size: 4134
  timestamp: 1615209571450
- conda: https://conda.anaconda.org/conda-forge/noarch/cached_property-1.5.2-pyha770c72_1.tar.bz2
  sha256: 6dbf7a5070cc43d90a1e4c2ec0c541c69d8e30a0e25f50ce9f6e4a432e42c5d7
  md5: 576d629e47797577ab0f1b351297ef4a
  depends:
  - python >=3.6
  license: BSD-3-Clause
  license_family: BSD
  purls:
  - pkg:pypi/cached-property?source=hash-mapping
  size: 11065
  timestamp: 1615209567874
- conda: https://conda.anaconda.org/conda-forge/noarch/click-8.2.1-pyh707e725_0.conda
  sha256: 8aee789c82d8fdd997840c952a586db63c6890b00e88c4fb6e80a38edd5f51c0
  md5: 94b550b8d3a614dbd326af798c7dfb40
  depends:
  - __unix
  - python >=3.10
  license: BSD-3-Clause
  license_family: BSD
  purls:
  - pkg:pypi/click?source=hash-mapping
  size: 87749
  timestamp: 1747811451319
- conda: https://conda.anaconda.org/conda-forge/noarch/colorama-0.4.6-pyhd8ed1ab_1.conda
  sha256: ab29d57dc70786c1269633ba3dff20288b81664d3ff8d21af995742e2bb03287
  md5: 962b9857ee8e7018c22f2776ffa0b2d7
  depends:
  - python >=3.9
  license: BSD-3-Clause
  license_family: BSD
  purls:
  - pkg:pypi/colorama?source=hash-mapping
  size: 27011
  timestamp: 1733218222191
- conda: https://conda.anaconda.org/conda-forge/noarch/exceptiongroup-1.3.0-pyhd8ed1ab_0.conda
  sha256: ce61f4f99401a4bd455b89909153b40b9c823276aefcbb06f2044618696009ca
  md5: 72e42d28960d875c7654614f8b50939a
  depends:
  - python >=3.9
  - typing_extensions >=4.6.0
  license: MIT and PSF-2.0
  purls:
  - pkg:pypi/exceptiongroup?source=compressed-mapping
  size: 21284
  timestamp: 1746947398083
- conda: https://conda.anaconda.org/conda-forge/osx-arm64/h5py-3.14.0-nompi_py312h35183de_100.conda
  sha256: efe9fa2971ea2bac9e261679b3269fa42ee5fe8cd50828efe3f6103645cec7fd
  md5: 07503f79f7a89027f95a4ba1cede60f6
  depends:
  - __osx >=11.0
  - cached-property
  - hdf5 >=1.14.6,<1.14.7.0a0
  - numpy >=1.21,<3
  - python >=3.12,<3.13.0a0
  - python >=3.12,<3.13.0a0 *_cpython
  - python_abi 3.12.* *_cp312
  license: BSD-3-Clause
  license_family: BSD
  purls:
  - pkg:pypi/h5py?source=hash-mapping
  size: 1162426
  timestamp: 1749299644895
- conda: https://conda.anaconda.org/conda-forge/osx-arm64/hdf5-1.14.6-nompi_ha698983_101.conda
  sha256: 699b5963583b64531f9f991d7f4848757e5b5615c1086f835789e51abcedc9ed
  md5: d6268b8f08378a8d49097d2ca6613f96
  depends:
  - __osx >=11.0
  - libaec >=1.1.3,<2.0a0
  - libcurl >=8.13.0,<9.0a0
  - libcxx >=18
  - libgfortran 5.*
  - libgfortran5 >=13.3.0
  - libgfortran5 >=14.2.0
  - libzlib >=1.3.1,<2.0a0
  - openssl >=3.5.0,<4.0a0
  license: BSD-3-Clause
  license_family: BSD
  purls: []
  size: 3300518
  timestamp: 1745297588690
- conda: https://conda.anaconda.org/conda-forge/noarch/iniconfig-2.0.0-pyhd8ed1ab_1.conda
  sha256: 0ec8f4d02053cd03b0f3e63168316530949484f80e16f5e2fb199a1d117a89ca
  md5: 6837f3eff7dcea42ecd714ce1ac2b108
  depends:
  - python >=3.9
  license: MIT
  license_family: MIT
  purls:
  - pkg:pypi/iniconfig?source=hash-mapping
  size: 11474
  timestamp: 1733223232820
- conda: https://conda.anaconda.org/conda-forge/osx-arm64/krb5-1.21.3-h237132a_0.conda
  sha256: 4442f957c3c77d69d9da3521268cad5d54c9033f1a73f99cde0a3658937b159b
  md5: c6dc8a0fdec13a0565936655c33069a1
  depends:
  - __osx >=11.0
  - libcxx >=16
  - libedit >=3.1.20191231,<3.2.0a0
  - libedit >=3.1.20191231,<4.0a0
  - openssl >=3.3.1,<4.0a0
  license: MIT
  license_family: MIT
  purls: []
  size: 1155530
  timestamp: 1719463474401
- conda: https://conda.anaconda.org/conda-forge/osx-arm64/libaec-1.1.4-h51d1e36_0.conda
  sha256: 0ea6b73b3fb1511615d9648186a7409e73b7a8d9b3d890d39df797730e3d1dbb
  md5: 8ed0f86b7a5529b98ec73b43a53ce800
  depends:
  - __osx >=11.0
  - libcxx >=18
  license: BSD-2-Clause
  license_family: BSD
  purls: []
  size: 30173
  timestamp: 1749993648288
- conda: https://conda.anaconda.org/conda-forge/osx-arm64/libblas-3.9.0-32_h10e41b3_openblas.conda
  build_number: 32
  sha256: 2775472dd81d43dc20804b484028560bfecd5ab4779e39f1fb95684da3ff2029
  md5: d4a1732d2b330c9d5d4be16438a0ac78
  depends:
  - libopenblas >=0.3.30,<0.3.31.0a0
  - libopenblas >=0.3.30,<1.0a0
  constrains:
  - blas 2.132   openblas
  - liblapack  3.9.0   32*_openblas
  - mkl <2025
  - libcblas   3.9.0   32*_openblas
  - liblapacke 3.9.0   32*_openblas
  license: BSD-3-Clause
  license_family: BSD
  purls: []
  size: 17520
  timestamp: 1750388963178
- conda: https://conda.anaconda.org/conda-forge/osx-arm64/libcblas-3.9.0-32_hb3479ef_openblas.conda
  build_number: 32
  sha256: 25d46ace14c3ac45d4aa18b5f7a0d3d30cec422297e900f8b97a66334232061c
  md5: d8e8ba717ae863b13a7495221f2b5a71
  depends:
  - libblas 3.9.0 32_h10e41b3_openblas
  constrains:
  - blas 2.132   openblas
  - liblapack  3.9.0   32*_openblas
  - liblapacke 3.9.0   32*_openblas
  license: BSD-3-Clause
  license_family: BSD
  purls: []
  size: 17485
  timestamp: 1750388970626
- conda: https://conda.anaconda.org/conda-forge/osx-arm64/libcurl-8.14.1-h73640d1_0.conda
  sha256: 0055b68137309db41ec34c938d95aec71d1f81bd9d998d5be18f32320c3ccba0
  md5: 1af57c823803941dfc97305248a56d57
  depends:
  - __osx >=11.0
  - krb5 >=1.21.3,<1.22.0a0
  - libnghttp2 >=1.64.0,<2.0a0
  - libssh2 >=1.11.1,<2.0a0
  - libzlib >=1.3.1,<2.0a0
  - openssl >=3.5.0,<4.0a0
  - zstd >=1.5.7,<1.6.0a0
  license: curl
  license_family: MIT
  purls: []
  size: 403456
  timestamp: 1749033320430
- conda: https://conda.anaconda.org/conda-forge/osx-arm64/libcxx-20.1.7-ha82da77_0.conda
  sha256: a3fd34773f1252a4f089e74a075ff5f0f6b878aede097e83a405f35687c36f24
  md5: 881de227abdddbe596239fa9e82eb3ab
  depends:
  - __osx >=11.0
  license: Apache-2.0 WITH LLVM-exception
  license_family: Apache
  purls: []
  size: 567189
  timestamp: 1749847129529
- conda: https://conda.anaconda.org/conda-forge/osx-arm64/libedit-3.1.20250104-pl5321hafb1f1b_0.conda
  sha256: 66aa216a403de0bb0c1340a88d1a06adaff66bae2cfd196731aa24db9859d631
  md5: 44083d2d2c2025afca315c7a172eab2b
  depends:
  - ncurses
  - __osx >=11.0
  - ncurses >=6.5,<7.0a0
  license: BSD-2-Clause
  license_family: BSD
  purls: []
  size: 107691
  timestamp: 1738479560845
- conda: https://conda.anaconda.org/conda-forge/osx-arm64/libev-4.33-h93a5062_2.conda
  sha256: 95cecb3902fbe0399c3a7e67a5bed1db813e5ab0e22f4023a5e0f722f2cc214f
  md5: 36d33e440c31857372a72137f78bacf5
  license: BSD-2-Clause
  license_family: BSD
  purls: []
  size: 107458
  timestamp: 1702146414478
- conda: https://conda.anaconda.org/conda-forge/osx-arm64/libexpat-2.7.0-h286801f_0.conda
  sha256: ee550e44765a7bbcb2a0216c063dcd53ac914a7be5386dd0554bd06e6be61840
  md5: 6934bbb74380e045741eb8637641a65b
  depends:
  - __osx >=11.0
  constrains:
  - expat 2.7.0.*
  license: MIT
  license_family: MIT
  purls: []
  size: 65714
  timestamp: 1743431789879
- conda: https://conda.anaconda.org/conda-forge/osx-arm64/libffi-3.4.6-h1da3d7d_1.conda
  sha256: c6a530924a9b14e193ea9adfe92843de2a806d1b7dbfd341546ece9653129e60
  md5: c215a60c2935b517dcda8cad4705734d
  depends:
  - __osx >=11.0
  license: MIT
  license_family: MIT
  purls: []
  size: 39839
  timestamp: 1743434670405
- conda: https://conda.anaconda.org/conda-forge/osx-arm64/libgfortran-5.0.0-14_2_0_h6c33f7e_103.conda
  sha256: 8628746a8ecd311f1c0d14bb4f527c18686251538f7164982ccbe3b772de58b5
  md5: 044a210bc1d5b8367857755665157413
  depends:
  - libgfortran5 14.2.0 h6c33f7e_103
  license: GPL-3.0-only WITH GCC-exception-3.1
  license_family: GPL
  purls: []
  size: 156291
  timestamp: 1743863532821
- conda: https://conda.anaconda.org/conda-forge/osx-arm64/libgfortran5-14.2.0-h6c33f7e_103.conda
  sha256: 8599453990bd3a449013f5fa3d72302f1c68f0680622d419c3f751ff49f01f17
  md5: 69806c1e957069f1d515830dcc9f6cbb
  depends:
  - llvm-openmp >=8.0.0
  constrains:
  - libgfortran 5.0.0 14_2_0_*_103
  license: GPL-3.0-only WITH GCC-exception-3.1
  license_family: GPL
  purls: []
  size: 806566
  timestamp: 1743863491726
- conda: https://conda.anaconda.org/conda-forge/osx-arm64/liblapack-3.9.0-32_hc9a63f6_openblas.conda
  build_number: 32
  sha256: 5e1cfa3581d1dec6b07a75084ff6cfa4b4465c646c6884a71c78a28543f83b61
  md5: bf9ead3fa92fd75ad473c6a1d255ffcb
  depends:
  - libblas 3.9.0 32_h10e41b3_openblas
  constrains:
  - blas 2.132   openblas
  - libcblas   3.9.0   32*_openblas
  - liblapacke 3.9.0   32*_openblas
  license: BSD-3-Clause
  license_family: BSD
  purls: []
  size: 17507
  timestamp: 1750388977861
- conda: https://conda.anaconda.org/conda-forge/osx-arm64/liblzma-5.8.1-h39f12f2_2.conda
  sha256: 0cb92a9e026e7bd4842f410a5c5c665c89b2eb97794ffddba519a626b8ce7285
  md5: d6df911d4564d77c4374b02552cb17d1
  depends:
  - __osx >=11.0
  constrains:
  - xz 5.8.1.*
  license: 0BSD
  purls: []
  size: 92286
  timestamp: 1749230283517
- conda: https://conda.anaconda.org/conda-forge/osx-arm64/libnghttp2-1.64.0-h6d7220d_0.conda
  sha256: 00cc685824f39f51be5233b54e19f45abd60de5d8847f1a56906f8936648b72f
  md5: 3408c02539cee5f1141f9f11450b6a51
  depends:
  - __osx >=11.0
  - c-ares >=1.34.2,<2.0a0
  - libcxx >=17
  - libev >=4.33,<4.34.0a0
  - libev >=4.33,<5.0a0
  - libzlib >=1.3.1,<2.0a0
  - openssl >=3.3.2,<4.0a0
  license: MIT
  license_family: MIT
  purls: []
  size: 566719
  timestamp: 1729572385640
- conda: https://conda.anaconda.org/conda-forge/osx-arm64/libopenblas-0.3.30-openmp_hf332438_0.conda
  sha256: 501c8c64f1a6e6b671e49835e6c483bc25f0e7147f3eb4bbb19a4c3673dcaf28
  md5: 5d7dbaa423b4c253c476c24784286e4b
  depends:
  - __osx >=11.0
  - libgfortran 5.*
  - libgfortran5 >=13.3.0
  - llvm-openmp >=18.1.8
  constrains:
  - openblas >=0.3.30,<0.3.31.0a0
  license: BSD-3-Clause
  license_family: BSD
  purls: []
  size: 4163399
  timestamp: 1750378829050
- conda: https://conda.anaconda.org/conda-forge/osx-arm64/libsqlite-3.50.2-h6fb428d_0.conda
  sha256: 6b51a9e7366d6cd26e50d1d0646331d457999ebb88af258f06a74f075e95bf68
  md5: b2dc1707166040e738df2d514f8a1d22
  depends:
  - __osx >=11.0
  - libzlib >=1.3.1,<2.0a0
  license: Unlicense
  purls: []
  size: 901519
  timestamp: 1751135765345
- conda: https://conda.anaconda.org/conda-forge/osx-arm64/libssh2-1.11.1-h1590b86_0.conda
  sha256: 8bfe837221390ffc6f111ecca24fa12d4a6325da0c8d131333d63d6c37f27e0a
  md5: b68e8f66b94b44aaa8de4583d3d4cc40
  depends:
  - libzlib >=1.3.1,<2.0a0
  - openssl >=3.5.0,<4.0a0
  license: BSD-3-Clause
  license_family: BSD
  purls: []
  size: 279193
  timestamp: 1745608793272
- conda: https://conda.anaconda.org/conda-forge/osx-arm64/libzlib-1.3.1-h8359307_2.conda
  sha256: ce34669eadaba351cd54910743e6a2261b67009624dbc7daeeafdef93616711b
  md5: 369964e85dc26bfe78f41399b366c435
  depends:
  - __osx >=11.0
  constrains:
  - zlib 1.3.1 *_2
  license: Zlib
  license_family: Other
  purls: []
  size: 46438
  timestamp: 1727963202283
- conda: https://conda.anaconda.org/conda-forge/osx-arm64/llvm-openmp-20.1.7-hdb05f8b_0.conda
  sha256: e7d95b50a90cdc9e0fc38bc37f493a61b9d08164114b562bbd9ff0034f45eca2
  md5: 741e1da0a0798d32e13e3724f2ca2dcf
  depends:
  - __osx >=11.0
  constrains:
  - openmp 20.1.7|20.1.7.*
  license: Apache-2.0 WITH LLVM-exception
  license_family: APACHE
  purls: []
  size: 281996
  timestamp: 1749892286735
- conda: https://conda.anaconda.org/conda-forge/noarch/markdown-it-py-3.0.0-pyhd8ed1ab_1.conda
  sha256: 0fbacdfb31e55964152b24d5567e9a9996e1e7902fb08eb7d91b5fd6ce60803a
  md5: fee3164ac23dfca50cfcc8b85ddefb81
  depends:
  - mdurl >=0.1,<1
  - python >=3.9
  license: MIT
  license_family: MIT
  purls:
  - pkg:pypi/markdown-it-py?source=hash-mapping
  size: 64430
  timestamp: 1733250550053
- conda: https://conda.anaconda.org/conda-forge/noarch/mdurl-0.1.2-pyhd8ed1ab_1.conda
  sha256: 78c1bbe1723449c52b7a9df1af2ee5f005209f67e40b6e1d3c7619127c43b1c7
  md5: 592132998493b3ff25fd7479396e8351
  depends:
  - python >=3.9
  license: MIT
  license_family: MIT
  purls:
  - pkg:pypi/mdurl?source=hash-mapping
  size: 14465
  timestamp: 1733255681319
- conda: https://conda.anaconda.org/conda-forge/osx-arm64/ncurses-6.5-h5e97a16_3.conda
  sha256: 2827ada40e8d9ca69a153a45f7fd14f32b2ead7045d3bbb5d10964898fe65733
  md5: 068d497125e4bf8a66bf707254fff5ae
  depends:
  - __osx >=11.0
  license: X11 AND BSD-3-Clause
  purls: []
  size: 797030
  timestamp: 1738196177597
- conda: https://conda.anaconda.org/conda-forge/osx-arm64/numpy-1.26.4-py312h8442bc7_0.conda
  sha256: c8841d6d6f61fd70ca80682efbab6bdb8606dc77c68d8acabfbd7c222054f518
  md5: d83fc83d589e2625a3451c9a7e21047c
  depends:
  - libblas >=3.9.0,<4.0a0
  - libcblas >=3.9.0,<4.0a0
  - libcxx >=16
  - liblapack >=3.9.0,<4.0a0
  - python >=3.12,<3.13.0a0
  - python >=3.12,<3.13.0a0 *_cpython
  - python_abi 3.12.* *_cp312
  constrains:
  - numpy-base <0a0
  license: BSD-3-Clause
  license_family: BSD
  purls:
  - pkg:pypi/numpy?source=hash-mapping
  size: 6073136
  timestamp: 1707226249608
- conda: https://conda.anaconda.org/conda-forge/osx-arm64/openssl-3.5.1-h81ee809_0.conda
  sha256: f94fde0f096fa79794c8aa0a2665630bbf9026cc6438e8253f6555fc7281e5a8
  md5: a8ac77e7c7e58d43fa34d60bd4361062
  depends:
  - __osx >=11.0
  - ca-certificates
  license: Apache-2.0
  license_family: Apache
  purls: []
  size: 3071649
  timestamp: 1751390309393
- conda: https://conda.anaconda.org/conda-forge/noarch/packaging-25.0-pyh29332c3_1.conda
  sha256: 289861ed0c13a15d7bbb408796af4de72c2fe67e2bcb0de98f4c3fce259d7991
  md5: 58335b26c38bf4a20f399384c33cbcf9
  depends:
  - python >=3.8
  - python
  license: Apache-2.0
  license_family: APACHE
  purls:
  - pkg:pypi/packaging?source=compressed-mapping
  size: 62477
  timestamp: 1745345660407
- conda: https://conda.anaconda.org/conda-forge/noarch/pluggy-1.6.0-pyhd8ed1ab_0.conda
  sha256: a8eb555eef5063bbb7ba06a379fa7ea714f57d9741fe0efdb9442dbbc2cccbcc
  md5: 7da7ccd349dbf6487a7778579d2bb971
  depends:
  - python >=3.9
  license: MIT
  license_family: MIT
  purls:
  - pkg:pypi/pluggy?source=compressed-mapping
  size: 24246
  timestamp: 1747339794916
- conda: https://conda.anaconda.org/conda-forge/noarch/pydicom-3.0.1-pyhd8ed1ab_2.conda
  sha256: f25a26eda6a0385db069d1bfb058931d6fdcd757d976b8acc906583ed5b7104a
  md5: ddf00675162c91c6e7183e70c683ebde
  depends:
  - python >=3.10
  license: MIT
  license_family: MIT
  purls:
  - pkg:pypi/pydicom?source=hash-mapping
  size: 1755003
  timestamp: 1734037735779
- conda: https://conda.anaconda.org/conda-forge/noarch/pygments-2.19.2-pyhd8ed1ab_0.conda
  sha256: 5577623b9f6685ece2697c6eb7511b4c9ac5fb607c9babc2646c811b428fd46a
  md5: 6b6ece66ebcae2d5f326c77ef2c5a066
  depends:
  - python >=3.9
  license: BSD-2-Clause
  license_family: BSD
  purls:
  - pkg:pypi/pygments?source=compressed-mapping
  size: 889287
  timestamp: 1750615908735
- conda: https://conda.anaconda.org/conda-forge/noarch/pynrrd-0.4.2-pyh95af2a2_0.tar.bz2
  sha256: a3e80d06df108524a6b32030a439f57c06a11cfeb115c883d3e43d3b594f61cc
  md5: 6bd8180a4a22d29b489931e5d4f300a8
  depends:
  - numpy
  - python
  license: MIT
  license_family: MIT
  purls:
  - pkg:pypi/pynrrd?source=hash-mapping
  size: 18797
  timestamp: 1584728805185
- conda: https://conda.anaconda.org/conda-forge/noarch/pytest-8.4.1-pyhd8ed1ab_0.conda
  sha256: 93e267e4ec35353e81df707938a6527d5eb55c97bf54c3b87229b69523afb59d
  md5: a49c2283f24696a7b30367b7346a0144
  depends:
  - colorama >=0.4
  - exceptiongroup >=1
  - iniconfig >=1
  - packaging >=20
  - pluggy >=1.5,<2
  - pygments >=2.7.2
  - python >=3.9
  - tomli >=1
  constrains:
  - pytest-faulthandler >=2
  license: MIT
  license_family: MIT
  purls:
  - pkg:pypi/pytest?source=hash-mapping
  size: 276562
  timestamp: 1750239526127
- conda: https://conda.anaconda.org/conda-forge/osx-arm64/python-3.12.11-hc22306f_0_cpython.conda
  sha256: cde8b944c2dc378a5afbc48028d0843583fd215493d5885a80f1b41de085552f
  md5: 9207ebad7cfbe2a4af0702c92fd031c4
  depends:
  - __osx >=11.0
  - bzip2 >=1.0.8,<2.0a0
  - libexpat >=2.7.0,<3.0a0
  - libffi >=3.4.6,<3.5.0a0
  - liblzma >=5.8.1,<6.0a0
  - libsqlite >=3.50.0,<4.0a0
  - libzlib >=1.3.1,<2.0a0
  - ncurses >=6.5,<7.0a0
  - openssl >=3.5.0,<4.0a0
  - readline >=8.2,<9.0a0
  - tk >=8.6.13,<8.7.0a0
  - tzdata
  constrains:
  - python_abi 3.12.* *_cp312
  license: Python-2.0
  purls: []
  size: 13009234
  timestamp: 1749048134449
- conda: https://conda.anaconda.org/conda-forge/noarch/python_abi-3.12-7_cp312.conda
  build_number: 7
  sha256: a1bbced35e0df66cc713105344263570e835625c28d1bdee8f748f482b2d7793
  md5: 0dfcdc155cf23812a0c9deada86fb723
  constrains:
  - python 3.12.* *_cpython
  license: BSD-3-Clause
  license_family: BSD
  purls: []
  size: 6971
  timestamp: 1745258861359
- conda: https://conda.anaconda.org/conda-forge/osx-arm64/readline-8.2-h1d1bf99_2.conda
  sha256: 7db04684d3904f6151eff8673270922d31da1eea7fa73254d01c437f49702e34
  md5: 63ef3f6e6d6d5c589e64f11263dc5676
  depends:
  - ncurses >=6.5,<7.0a0
  license: GPL-3.0-only
  license_family: GPL
  purls: []
  size: 252359
  timestamp: 1740379663071
- conda: https://conda.anaconda.org/conda-forge/noarch/rich-14.0.0-pyh29332c3_0.conda
  sha256: d10e2b66a557ec6296844e04686db87818b0df87d73c06388f2332fda3f7d2d5
  md5: 202f08242192ce3ed8bdb439ba40c0fe
  depends:
  - markdown-it-py >=2.2.0
  - pygments >=2.13.0,<3.0.0
  - python >=3.9
  - typing_extensions >=4.0.0,<5.0.0
  - python
  license: MIT
  license_family: MIT
  purls:
  - pkg:pypi/rich?source=hash-mapping
  size: 200323
  timestamp: 1743371105291
- conda: https://conda.anaconda.org/conda-forge/osx-arm64/scipy-1.16.0-py312hcedbd36_0.conda
  sha256: d0033c0414910c2bb6005e005e0df266a6c21e1928efec2df3251736245c1258
  md5: b3ab5755feaabeaf889063663790eb25
  depends:
  - __osx >=11.0
  - libblas >=3.9.0,<4.0a0
  - libcblas >=3.9.0,<4.0a0
  - libcxx >=18
  - libgfortran 5.*
  - libgfortran5 >=13.3.0
  - libgfortran5 >=14.2.0
  - liblapack >=3.9.0,<4.0a0
  - numpy <2.6
  - numpy >=1.23,<3
  - numpy >=1.25.2
  - python >=3.12,<3.13.0a0
  - python >=3.12,<3.13.0a0 *_cpython
  - python_abi 3.12.* *_cp312
  license: BSD-3-Clause
  license_family: BSD
  purls:
  - pkg:pypi/scipy?source=hash-mapping
  size: 13846609
  timestamp: 1751148522848
- conda: https://conda.anaconda.org/conda-forge/noarch/shellingham-1.5.4-pyhd8ed1ab_1.conda
  sha256: 0557c090913aa63cdbe821dbdfa038a321b488e22bc80196c4b3b1aace4914ef
  md5: 7c3c2a0f3ebdea2bbc35538d162b43bf
  depends:
  - python >=3.9
  license: MIT
  license_family: MIT
  purls:
  - pkg:pypi/shellingham?source=compressed-mapping
  size: 14462
  timestamp: 1733301007770
- conda: https://conda.anaconda.org/conda-forge/osx-arm64/tk-8.6.13-h892fb3f_2.conda
  sha256: cb86c522576fa95c6db4c878849af0bccfd3264daf0cc40dd18e7f4a7bfced0e
  md5: 7362396c170252e7b7b0c8fb37fe9c78
  depends:
  - __osx >=11.0
  - libzlib >=1.3.1,<2.0a0
  license: TCL
  license_family: BSD
  purls: []
  size: 3125538
  timestamp: 1748388189063
- conda: https://conda.anaconda.org/conda-forge/noarch/tomli-2.2.1-pyhd8ed1ab_1.conda
  sha256: 18636339a79656962723077df9a56c0ac7b8a864329eb8f847ee3d38495b863e
  md5: ac944244f1fed2eb49bae07193ae8215
  depends:
  - python >=3.9
  license: MIT
  license_family: MIT
  purls:
  - pkg:pypi/tomli?source=hash-mapping
  size: 19167
  timestamp: 1733256819729
- conda: https://conda.anaconda.org/conda-forge/noarch/tqdm-4.67.1-pyhd8ed1ab_1.conda
  sha256: 11e2c85468ae9902d24a27137b6b39b4a78099806e551d390e394a8c34b48e40
  md5: 9efbfdc37242619130ea42b1cc4ed861
  depends:
  - colorama
  - python >=3.9
  license: MPL-2.0 or MIT
  purls:
  - pkg:pypi/tqdm?source=hash-mapping
  size: 89498
  timestamp: 1735661472632
- conda: https://conda.anaconda.org/conda-forge/noarch/typer-0.16.0-pyh167b9f4_0.conda
  sha256: 1ca70f0c0188598f9425a947afb74914a068bee4b7c4586eabb1c3b02fbf669f
  md5: 985cc086b73bda52b2f8d66dcda460a1
  depends:
  - typer-slim-standard ==0.16.0 hf964461_0
  - python >=3.9
  - python
  license: MIT
  license_family: MIT
  purls:
  - pkg:pypi/typer?source=compressed-mapping
  size: 77232
  timestamp: 1748304246569
- conda: https://conda.anaconda.org/conda-forge/noarch/typer-slim-0.16.0-pyhe01879c_0.conda
  sha256: 54f859ddf5d3216fb602f54990c3ccefc65a30d1d98c400b998e520310630df3
  md5: 0d0a6c08daccb968c8c8fa93070658e2
  depends:
  - python >=3.9
  - click >=8.0.0
  - typing_extensions >=3.7.4.3
  - python
  constrains:
  - typer 0.16.0.*
  - rich >=10.11.0
  - shellingham >=1.3.0
  license: MIT
  license_family: MIT
  purls:
  - pkg:pypi/typer-slim?source=compressed-mapping
  size: 46798
  timestamp: 1748304246569
- conda: https://conda.anaconda.org/conda-forge/noarch/typer-slim-standard-0.16.0-hf964461_0.conda
  sha256: c35a0b232e9751ac871b733d4236eee887f64c3b1539ba86aecf175c3ac3dc02
  md5: c8fb6ddb4f5eb567d049f85b3f0c8019
  depends:
  - typer-slim ==0.16.0 pyhe01879c_0
  - rich
  - shellingham
  license: MIT
  license_family: MIT
  purls: []
  size: 5271
  timestamp: 1748304246569
- conda: https://conda.anaconda.org/conda-forge/noarch/typing_extensions-4.14.1-pyhe01879c_0.conda
  sha256: 4f52390e331ea8b9019b87effaebc4f80c6466d09f68453f52d5cdc2a3e1194f
  md5: e523f4f1e980ed7a4240d7e27e9ec81f
  depends:
  - python >=3.9
  - python
  license: PSF-2.0
  license_family: PSF
  purls:
  - pkg:pypi/typing-extensions?source=hash-mapping
  size: 51065
  timestamp: 1751643513473
- conda: https://conda.anaconda.org/conda-forge/noarch/tzdata-2025b-h78e105d_0.conda
  sha256: 5aaa366385d716557e365f0a4e9c3fca43ba196872abbbe3d56bb610d131e192
  md5: 4222072737ccff51314b5ece9c7d6f5a
  license: LicenseRef-Public-Domain
  purls: []
  size: 122968
  timestamp: 1742727099393
- conda: https://conda.anaconda.org/conda-forge/osx-arm64/zstd-1.5.7-h6491c7d_2.conda
  sha256: 0d02046f57f7a1a3feae3e9d1aa2113788311f3cf37a3244c71e61a93177ba67
  md5: e6f69c7bcccdefa417f056fa593b40f0
  depends:
  - __osx >=11.0
  - libzlib >=1.3.1,<2.0a0
  license: BSD-3-Clause
  license_family: BSD
  purls: []
  size: 399979
  timestamp: 1742433432699
